
Microsoft Visual Studio Solution File, Format Version 12.00
# Visual Studio 15
VisualStudioVersion = 15.0.27428.2037
MinimumVisualStudioVersion = 10.0.40219.1
Project("{FAE04EC0-301F-11D3-BF4B-00C04F79EFBC}") = "Task5.UI", "Task5.UI\Task5.UI.csproj", "{F945D76A-1E64-4156-AB9F-A130027095AD}"
EndProject
Project("{FAE04EC0-301F-11D3-BF4B-00C04F79EFBC}") = "Task5.BLL", "Task5.BLL\Task5.BLL.csproj", "{1D16C134-82C3-4C9F-85E4-5F564F1FBEFD}"
EndProject
Global
	GlobalSection(SolutionConfigurationPlatforms) = preSolution
		Debug|Any CPU = Debug|Any CPU
		Release|Any CPU = Release|Any CPU
	EndGlobalSection
	GlobalSection(ProjectConfigurationPlatforms) = postSolution
		{F945D76A-1E64-4156-AB9F-A130027095AD}.Debug|Any CPU.ActiveCfg = Debug|Any CPU
		{F945D76A-1E64-4156-AB9F-A130027095AD}.Debug|Any CPU.Build.0 = Debug|Any CPU
		{F945D76A-1E64-4156-AB9F-A130027095AD}.Release|Any CPU.ActiveCfg = Release|Any CPU
		{F945D76A-1E64-4156-AB9F-A130027095AD}.Release|Any CPU.Build.0 = Release|Any CPU
		{1D16C134-82C3-4C9F-85E4-5F564F1FBEFD}.Debug|Any CPU.ActiveCfg = Debug|Any CPU
		{1D16C134-82C3-4C9F-85E4-5F564F1FBEFD}.Debug|Any CPU.Build.0 = Debug|Any CPU
		{1D16C134-82C3-4C9F-85E4-5F564F1FBEFD}.Release|Any CPU.ActiveCfg = Release|Any CPU
		{1D16C134-82C3-4C9F-85E4-5F564F1FBEFD}.Release|Any CPU.Build.0 = Release|Any CPU
	EndGlobalSection
	GlobalSection(SolutionProperties) = preSolution
		HideSolutionNode = FALSE
	EndGlobalSection
	GlobalSection(ExtensibilityGlobals) = postSolution
		SolutionGuid = {5F9C3B30-F2D2-44E6-9B5B-58F82F5A8E93}
	EndGlobalSection
EndGlobal
